// !$*UTF8*$!
{
	archiveVersion = 1;
	classes = {
	};
	objectVersion = 46;
	objects = {

/* Begin PBXBuildFile section */
		049D59441C16C588005B2B0A /* main.m in Sources */ = {isa = PBXBuildFile; fileRef = 049D59431C16C588005B2B0A /* main.m */; };
		049D59471C16C588005B2B0A /* AppDelegate.m in Sources */ = {isa = PBXBuildFile; fileRef = 049D59461C16C588005B2B0A /* AppDelegate.m */; };
		049D594A1C16C588005B2B0A /* ViewController.m in Sources */ = {isa = PBXBuildFile; fileRef = 049D59491C16C588005B2B0A /* ViewController.m */; };
		049D594D1C16C588005B2B0A /* Main.storyboard in Resources */ = {isa = PBXBuildFile; fileRef = 049D594B1C16C588005B2B0A /* Main.storyboard */; };
		049D594F1C16C588005B2B0A /* Assets.xcassets in Resources */ = {isa = PBXBuildFile; fileRef = 049D594E1C16C588005B2B0A /* Assets.xcassets */; };
		049D59521C16C588005B2B0A /* LaunchScreen.storyboard in Resources */ = {isa = PBXBuildFile; fileRef = 049D59501C16C588005B2B0A /* LaunchScreen.storyboard */; };
/* End PBXBuildFile section */

/* Begin PBXFileReference section */
		049D593F1C16C588005B2B0A /* ZPWebImage.app */ = {isa = PBXFileReference; explicitFileType = wrapper.application; includeInIndex = 0; path = ZPWebImage.app; sourceTree = BUILT_PRODUCTS_DIR; };
		049D59431C16C588005B2B0A /* main.m */ = {isa = PBXFileReference; lastKnownFileType = sourcecode.c.objc; path = main.m; sourceTree = "<group>"; };
		049D59451C16C588005B2B0A /* AppDelegate.h */ = {isa = PBXFileReference; lastKnownFileType = sourcecode.c.h; path = AppDelegate.h; sourceTree = "<group>"; };
		049D59461C16C588005B2B0A /* AppDelegate.m */ = {isa = PBXFileReference; lastKnownFileType = sourcecode.c.objc; path = AppDelegate.m; sourceTree = "<group>"; };
		049D59481C16C588005B2B0A /* ViewController.h */ = {isa = PBXFileReference; lastKnownFileType = sourcecode.c.h; path = ViewController.h; sourceTree = "<group>"; };
		049D59491C16C588005B2B0A /* ViewController.m */ = {isa = PBXFileReference; lastKnownFileType = sourcecode.c.objc; path = ViewController.m; sourceTree = "<group>"; };
		049D594C1C16C588005B2B0A /* Base */ = {isa = PBXFileReference; lastKnownFileType = file.storyboard; name = Base; path = Base.lproj/Main.storyboard; sourceTree = "<group>"; };
		049D594E1C16C588005B2B0A /* Assets.xcassets */ = {isa = PBXFileReference; lastKnownFileType = folder.assetcatalog; path = Assets.xcassets; sourceTree = "<group>"; };
		049D59511C16C588005B2B0A /* Base */ = {isa = PBXFileReference; lastKnownFileType = file.storyboard; name = Base; path = Base.lproj/LaunchScreen.storyboard; sourceTree = "<group>"; };
		049D59531C16C588005B2B0A /* Info.plist */ = {isa = PBXFileReference; lastKnownFileType = text.plist.xml; path = Info.plist; sourceTree = "<group>"; };
/* End PBXFileReference section */

/* Begin PBXFrameworksBuildPhase section */
		049D593C1C16C588005B2B0A /* Frameworks */ = {
			isa = PBXFrameworksBuildPhase;
			buildActionMask = 2147483647;
			files = (
			);
			runOnlyForDeploymentPostprocessing = 0;
		};
/* End PBXFrameworksBuildPhase section */

/* Begin PBXGroup section */
		049D59361C16C588005B2B0A = {
			isa = PBXGroup;
			children = (
				049D59411C16C588005B2B0A /* ZPWebImage */,
				049D59401C16C588005B2B0A /* Products */,
			);
			sourceTree = "<group>";
		};
		049D59401C16C588005B2B0A /* Products */ = {
			isa = PBXGroup;
			children = (
				049D593F1C16C588005B2B0A /* ZPWebImage.app */,
			);
			name = Products;
			sourceTree = "<group>";
		};
		049D59411C16C588005B2B0A /* ZPWebImage */ = {
			isa = PBXGroup;
			children = (
				049D59451C16C588005B2B0A /* AppDelegate.h */,
				049D59461C16C588005B2B0A /* AppDelegate.m */,
				049D59481C16C588005B2B0A /* ViewController.h */,
				049D59491C16C588005B2B0A /* ViewController.m */,
				049D594B1C16C588005B2B0A /* Main.storyboard */,
				049D594E1C16C588005B2B0A /* Assets.xcassets */,
				049D59501C16C588005B2B0A /* LaunchScreen.storyboard */,
				049D59531C16C588005B2B0A /* Info.plist */,
				049D59421C16C588005B2B0A /* Supporting Files */,
			);
			path = ZPWebImage;
			sourceTree = "<group>";
		};
		049D59421C16C588005B2B0A /* Supporting Files */ = {
			isa = PBXGroup;
			children = (
				049D59431C16C588005B2B0A /* main.m */,
			);
			name = "Supporting Files";
			sourceTree = "<group>";
		};
/* End PBXGroup section */

/* Begin PBXNativeTarget section */
		049D593E1C16C588005B2B0A /* ZPWebImage */ = {
			isa = PBXNativeTarget;
			buildConfigurationList = 049D59561C16C588005B2B0A /* Build configuration list for PBXNativeTarget "ZPWebImage" */;
			buildPhases = (
				049D593B1C16C588005B2B0A /* Sources */,
				049D593C1C16C588005B2B0A /* Frameworks */,
				049D593D1C16C588005B2B0A /* Resources */,
			);
			buildRules = (
			);
			dependencies = (
			);
			name = ZPWebImage;
			productName = ZPWebImage;
			productReference = 049D593F1C16C588005B2B0A /* ZPWebImage.app */;
			productType = "com.apple.product-type.application";
		};
/* End PBXNativeTarget section */

/* Begin PBXProject section */
		049D59371C16C588005B2B0A /* Project object */ = {
			isa = PBXProject;
			attributes = {
				LastUpgradeCheck = 0710;
				ORGANIZATIONNAME = ycit;
				TargetAttributes = {
					049D593E1C16C588005B2B0A = {
						CreatedOnToolsVersion = 7.1;
						DevelopmentTeam = MYX8Y47RL6;
					};
				};
			};
			buildConfigurationList = 049D593A1C16C588005B2B0A /* Build configuration list for PBXProject "ZPWebImage" */;
			compatibilityVersion = "Xcode 3.2";
			developmentRegion = English;
			hasScannedForEncodings = 0;
			knownRegions = (
				en,
				Base,
			);
			mainGroup = 049D59361C16C588005B2B0A;
			productRefGroup = 049D59401C16C588005B2B0A /* Products */;
			projectDirPath = "";
			projectRoot = "";
			targets = (
				049D593E1C16C588005B2B0A /* ZPWebImage */,
			);
		};
/* End PBXProject section */

/* Begin PBXResourcesBuildPhase section */
		049D593D1C16C588005B2B0A /* Resources */ = {
			isa = PBXResourcesBuildPhase;
			buildActionMask = 2147483647;
			files = (
				049D59521C16C588005B2B0A /* LaunchScreen.storyboard in Resources */,
				049D594F1C16C588005B2B0A /* Assets.xcassets in Resources */,
				049D594D1C16C588005B2B0A /* Main.storyboard in Resources */,
			);
			runOnlyForDeploymentPostprocessing = 0;
		};
/* End PBXResourcesBuildPhase section */

/* Begin PBXSourcesBuildPhase section */
		049D593B1C16C588005B2B0A /* Sources */ = {
			isa = PBXSourcesBuildPhase;
			buildActionMask = 2147483647;
			files = (
				049D594A1C16C588005B2B0A /* ViewController.m in Sources */,
				049D59471C16C588005B2B0A /* AppDelegate.m in Sources */,
				049D59441C16C588005B2B0A /* main.m in Sources */,
			);
			runOnlyForDeploymentPostprocessing = 0;
		};
/* End PBXSourcesBuildPhase section */

/* Begin PBXVariantGroup section */
		049D594B1C16C588005B2B0A /* Main.storyboard */ = {
			isa = PBXVariantGroup;
			children = (
				049D594C1C16C588005B2B0A /* Base */,
			);
			name = Main.storyboard;
			sourceTree = "<group>";
		};
		049D59501C16C588005B2B0A /* LaunchScreen.storyboard */ = {
			isa = PBXVariantGroup;
			children = (
				049D59511C16C588005B2B0A /* Base */,
			);
			name = LaunchScreen.storyboard;
			sourceTree = "<group>";
		};
/* End PBXVariantGroup section */

/* Begin XCBuildConfiguration section */
		049D59541C16C588005B2B0A /* Debug */ = {
			isa = XCBuildConfiguration;
			buildSettings = {
				ALWAYS_SEARCH_USER_PATHS = NO;
				CLANG_CXX_LANGUAGE_STANDARD = "gnu++0x";
				CLANG_CXX_LIBRARY = "libc++";
				CLANG_ENABLE_MODULES = YES;
				CLANG_ENABLE_OBJC_ARC = YES;
				CLANG_WARN_BOOL_CONVERSION = YES;
				CLANG_WARN_CONSTANT_CONVERSION = YES;
				CLANG_WARN_DIRECT_OBJC_ISA_USAGE = YES_ERROR;
				CLANG_WARN_EMPTY_BODY = YES;
				CLANG_WARN_ENUM_CONVERSION = YES;
				CLANG_WARN_INT_CONVERSION = YES;
				CLANG_WARN_OBJC_ROOT_CLASS = YES_ERROR;
				CLANG_WARN_UNREACHABLE_CODE = YES;
				CLANG_WARN__DUPLICATE_METHOD_MATCH = YES;
				"CODE_SIGN_IDENTITY[sdk=iphoneos*]" = "iPhone Developer";
				COPY_PHASE_STRIP = NO;
				DEBUG_INFORMATION_FORMAT = dwarf;
				ENABLE_STRICT_OBJC_MSGSEND = YES;
				ENABLE_TESTABILITY = YES;
				GCC_C_LANGUAGE_STANDARD = gnu99;
				GCC_DYNAMIC_NO_PIC = NO;
				GCC_NO_COMMON_BLOCKS = YES;
				GCC_OPTIMIZATION_LEVEL = 0;
				GCC_PREPROCESSOR_DEFINITIONS = (
					"DEBUG=1",
					"$(inherited)",
				);
				GCC_WARN_64_TO_32_BIT_CONVERSION = YES;
				GCC_WARN_ABOUT_RETURN_TYPE = YES_ERROR;
				GCC_WARN_UNDECLARED_SELECTOR = YES;
				GCC_WARN_UNINITIALIZED_AUTOS = YES_AGGRESSIVE;
				GCC_WARN_UNUSED_FUNCTION = YES;
				GCC_WARN_UNUSED_VARIABLE = YES;
				IPHONEOS_DEPLOYMENT_TARGET = 9.1;
				MTL_ENABLE_DEBUG_INFO = YES;
				ONLY_ACTIVE_ARCH = YES;
				SDKROOT = iphoneos;
			};
			name = Debug;
		};
		049D59551C16C588005B2B0A /* Release */ = {
			isa = XCBuildConfiguration;
			buildSettings = {
				ALWAYS_SEARCH_USER_PATHS = NO;
				CLANG_CXX_LANGUAGE_STANDARD = "gnu++0x";
				CLANG_CXX_LIBRARY = "libc++";
				CLANG_ENABLE_MODULES = YES;
				CLANG_ENABLE_OBJC_ARC = YES;
				CLANG_WARN_BOOL_CONVERSION = YES;
				CLANG_WARN_CONSTANT_CONVERSION = YES;
				CLANG_WARN_DIRECT_OBJC_ISA_USAGE = YES_ERROR;
				CLANG_WARN_EMPTY_BODY = YES;
				CLANG_WARN_ENUM_CONVERSION = YES;
				CLANG_WARN_INT_CONVERSION = YES;
				CLANG_WARN_OBJC_ROOT_CLASS = YES_ERROR;
				CLANG_WARN_UNREACHABLE_CODE = YES;
				CLANG_WARN__DUPLICATE_METHOD_MATCH = YES;
				"CODE_SIGN_IDENTITY[sdk=iphoneos*]" = "iPhone Developer";
				COPY_PHASE_STRIP = NO;
				DEBUG_INFORMATION_FORMAT = "dwarf-with-dsym";
				ENABLE_NS_ASSERTIONS = NO;
				ENABLE_STRICT_OBJC_MSGSEND = YES;
				GCC_C_LANGUAGE_STANDARD = gnu99;
				GCC_NO_COMMON_BLOCKS = YES;
				GCC_WARN_64_TO_32_BIT_CONVERSION = YES;
				GCC_WARN_ABOUT_RETURN_TYPE = YES_ERROR;
				GCC_WARN_UNDECLARED_SELECTOR = YES;
				GCC_WARN_UNINITIALIZED_AUTOS = YES_AGGRESSIVE;
				GCC_WARN_UNUSED_FUNCTION = YES;
				GCC_WARN_UNUSED_VARIABLE = YES;
				IPHONEOS_DEPLOYMENT_TARGET = 9.1;
				MTL_ENABLE_DEBUG_INFO = NO;
				SDKROOT = iphoneos;
				VALIDATE_PRODUCT = YES;
			};
			name = Release;
		};
		049D59571C16C588005B2B0A /* Debug */ = {
			isa = XCBuildConfiguration;
			buildSettings = {
				ASSETCATALOG_COMPILER_APPICON_NAME = AppIcon;
				INFOPLIST_FILE = ZPWebImage/Info.plist;
				LD_RUNPATH_SEARCH_PATHS = "$(inherited) @executable_path/Frameworks";
				PRODUCT_BUNDLE_IDENTIFIER = cn.ycit.ZPWebImage;
				PRODUCT_NAME = "$(TARGET_NAME)";
			};
			name = Debug;
		};
		049D59581C16C588005B2B0A /* Release */ = {
			isa = XCBuildConfiguration;
			buildSettings = {
				ASSETCATALOG_COMPILER_APPICON_NAME = AppIcon;
				INFOPLIST_FILE = ZPWebImage/Info.plist;
				LD_RUNPATH_SEARCH_PATHS = "$(inherited) @executable_path/Frameworks";
				PRODUCT_BUNDLE_IDENTIFIER = cn.ycit.ZPWebImage;
				PRODUCT_NAME = "$(TARGET_NAME)";
			};
			name = Release;
		};
/* End XCBuildConfiguration section */

/* Begin XCConfigurationList section */
		049D593A1C16C588005B2B0A /* Build configuration list for PBXProject "ZPWebImage" */ = {
			isa = XCConfigurationList;
			buildConfigurations = (
				049D59541C16C588005B2B0A /* Debug */,
				049D59551C16C588005B2B0A /* Release */,
			);
			defaultConfigurationIsVisible = 0;
			defaultConfigurationName = Release;
		};
		049D59561C16C588005B2B0A /* Build configuration list for PBXNativeTarget "ZPWebImage" */ = {
			isa = XCConfigurationList;
			buildConfigurations = (
				049D59571C16C588005B2B0A /* Debug */,
				049D59581C16C588005B2B0A /* Release */,
			);
			defaultConfigurationIsVisible = 0;
		};
/* End XCConfigurationList section */
	};
	rootObject = 049D59371C16C588005B2B0A /* Project object */;
}
